
Microsoft Visual Studio Solution File, Format Version 12.00
# Visual Studio Version 17
VisualStudioVersion = 17.11.35327.3
MinimumVisualStudioVersion = 10.0.40219.1
Project("{FAE04EC0-301F-11D3-BF4B-00C04F79EFBC}") = "kontakt", "OOP\kontakt.csproj", "{4D84BCE0-5037-437C-BC5F-2A65662D33DD}"
EndProject
Project("{FAE04EC0-301F-11D3-BF4B-00C04F79EFBC}") = "HelloWorld", "HelloWorld\HelloWorld.csproj", "{58A0CD39-93F2-44A5-BBF3-4684AC6DF9A7}"
EndProject
Project("{FAE04EC0-301F-11D3-BF4B-00C04F79EFBC}") = "Rect", "Rect\Rect.csproj", "{FD4E66F1-05E6-41F3-8D42-45D88588BC00}"
EndProject
Project("{FAE04EC0-301F-11D3-BF4B-00C04F79EFBC}") = "dice", "dice\dice.csproj", "{9756E3BA-D265-4BD7-8DCB-E3916C7B53BC}"
EndProject
Global
	GlobalSection(SolutionConfigurationPlatforms) = preSolution
		Debug|Any CPU = Debug|Any CPU
		Release|Any CPU = Release|Any CPU
	EndGlobalSection
	GlobalSection(ProjectConfigurationPlatforms) = postSolution
		{4D84BCE0-5037-437C-BC5F-2A65662D33DD}.Debug|Any CPU.ActiveCfg = Debug|Any CPU
		{4D84BCE0-5037-437C-BC5F-2A65662D33DD}.Debug|Any CPU.Build.0 = Debug|Any CPU
		{4D84BCE0-5037-437C-BC5F-2A65662D33DD}.Release|Any CPU.ActiveCfg = Release|Any CPU
		{4D84BCE0-5037-437C-BC5F-2A65662D33DD}.Release|Any CPU.Build.0 = Release|Any CPU
		{58A0CD39-93F2-44A5-BBF3-4684AC6DF9A7}.Debug|Any CPU.ActiveCfg = Debug|Any CPU
		{58A0CD39-93F2-44A5-BBF3-4684AC6DF9A7}.Debug|Any CPU.Build.0 = Debug|Any CPU
		{58A0CD39-93F2-44A5-BBF3-4684AC6DF9A7}.Release|Any CPU.ActiveCfg = Release|Any CPU
		{58A0CD39-93F2-44A5-BBF3-4684AC6DF9A7}.Release|Any CPU.Build.0 = Release|Any CPU
		{FD4E66F1-05E6-41F3-8D42-45D88588BC00}.Debug|Any CPU.ActiveCfg = Debug|Any CPU
		{FD4E66F1-05E6-41F3-8D42-45D88588BC00}.Debug|Any CPU.Build.0 = Debug|Any CPU
		{FD4E66F1-05E6-41F3-8D42-45D88588BC00}.Release|Any CPU.ActiveCfg = Release|Any CPU
		{FD4E66F1-05E6-41F3-8D42-45D88588BC00}.Release|Any CPU.Build.0 = Release|Any CPU
		{9756E3BA-D265-4BD7-8DCB-E3916C7B53BC}.Debug|Any CPU.ActiveCfg = Debug|Any CPU
		{9756E3BA-D265-4BD7-8DCB-E3916C7B53BC}.Debug|Any CPU.Build.0 = Debug|Any CPU
		{9756E3BA-D265-4BD7-8DCB-E3916C7B53BC}.Release|Any CPU.ActiveCfg = Release|Any CPU
		{9756E3BA-D265-4BD7-8DCB-E3916C7B53BC}.Release|Any CPU.Build.0 = Release|Any CPU
	EndGlobalSection
	GlobalSection(SolutionProperties) = preSolution
		HideSolutionNode = FALSE
	EndGlobalSection
	GlobalSection(ExtensibilityGlobals) = postSolution
		SolutionGuid = {42DE5E5D-6F37-40B4-AE5A-8B28A30BF7A0}
	EndGlobalSection
EndGlobal
